// !$*UTF8*$!
{
	archiveVersion = 1;
	classes = {
	};
	objectVersion = 56;
	objects = {

/* Begin PBXBuildFile section */
		85486A812A862CDF00EA6740 /* AwesomeNotesApp.swift in Sources */ = {isa = PBXBuildFile; fileRef = 85486A802A862CDF00EA6740 /* AwesomeNotesApp.swift */; };
		85486A832A862CDF00EA6740 /* LoginView.swift in Sources */ = {isa = PBXBuildFile; fileRef = 85486A822A862CDF00EA6740 /* LoginView.swift */; };
		85486A852A862CE000EA6740 /* Assets.xcassets in Resources */ = {isa = PBXBuildFile; fileRef = 85486A842A862CE000EA6740 /* Assets.xcassets */; };
		85486A882A862CE000EA6740 /* Preview Assets.xcassets in Resources */ = {isa = PBXBuildFile; fileRef = 85486A872A862CE000EA6740 /* Preview Assets.xcassets */; };
		85486A922A862CE000EA6740 /* AwesomeNotesTests.swift in Sources */ = {isa = PBXBuildFile; fileRef = 85486A912A862CE000EA6740 /* AwesomeNotesTests.swift */; };
		85486A9C2A862CE000EA6740 /* AwesomeNotesUITests.swift in Sources */ = {isa = PBXBuildFile; fileRef = 85486A9B2A862CE000EA6740 /* AwesomeNotesUITests.swift */; };
		85486A9E2A862CE000EA6740 /* AwesomeNotesUITestsLaunchTests.swift in Sources */ = {isa = PBXBuildFile; fileRef = 85486A9D2A862CE000EA6740 /* AwesomeNotesUITestsLaunchTests.swift */; };
		85486AAF2A86494100EA6740 /* LoginViewModel.swift in Sources */ = {isa = PBXBuildFile; fileRef = 85486AAE2A86494100EA6740 /* LoginViewModel.swift */; };
/* End PBXBuildFile section */

/* Begin PBXContainerItemProxy section */
		85486A8E2A862CE000EA6740 /* PBXContainerItemProxy */ = {
			isa = PBXContainerItemProxy;
			containerPortal = 85486A752A862CDF00EA6740 /* Project object */;
			proxyType = 1;
			remoteGlobalIDString = 85486A7C2A862CDF00EA6740;
			remoteInfo = AwesomeNotes;
		};
		85486A982A862CE000EA6740 /* PBXContainerItemProxy */ = {
			isa = PBXContainerItemProxy;
			containerPortal = 85486A752A862CDF00EA6740 /* Project object */;
			proxyType = 1;
			remoteGlobalIDString = 85486A7C2A862CDF00EA6740;
			remoteInfo = AwesomeNotes;
		};
/* End PBXContainerItemProxy section */

/* Begin PBXFileReference section */
		85486A7D2A862CDF00EA6740 /* AwesomeNotes.app */ = {isa = PBXFileReference; explicitFileType = wrapper.application; includeInIndex = 0; path = AwesomeNotes.app; sourceTree = BUILT_PRODUCTS_DIR; };
		85486A802A862CDF00EA6740 /* AwesomeNotesApp.swift */ = {isa = PBXFileReference; lastKnownFileType = sourcecode.swift; path = AwesomeNotesApp.swift; sourceTree = "<group>"; };
		85486A822A862CDF00EA6740 /* LoginView.swift */ = {isa = PBXFileReference; lastKnownFileType = sourcecode.swift; path = LoginView.swift; sourceTree = "<group>"; };
		85486A842A862CE000EA6740 /* Assets.xcassets */ = {isa = PBXFileReference; lastKnownFileType = folder.assetcatalog; path = Assets.xcassets; sourceTree = "<group>"; };
		85486A872A862CE000EA6740 /* Preview Assets.xcassets */ = {isa = PBXFileReference; lastKnownFileType = folder.assetcatalog; path = "Preview Assets.xcassets"; sourceTree = "<group>"; };
		85486A8D2A862CE000EA6740 /* AwesomeNotesTests.xctest */ = {isa = PBXFileReference; explicitFileType = wrapper.cfbundle; includeInIndex = 0; path = AwesomeNotesTests.xctest; sourceTree = BUILT_PRODUCTS_DIR; };
		85486A912A862CE000EA6740 /* AwesomeNotesTests.swift */ = {isa = PBXFileReference; lastKnownFileType = sourcecode.swift; path = AwesomeNotesTests.swift; sourceTree = "<group>"; };
		85486A972A862CE000EA6740 /* AwesomeNotesUITests.xctest */ = {isa = PBXFileReference; explicitFileType = wrapper.cfbundle; includeInIndex = 0; path = AwesomeNotesUITests.xctest; sourceTree = BUILT_PRODUCTS_DIR; };
		85486A9B2A862CE000EA6740 /* AwesomeNotesUITests.swift */ = {isa = PBXFileReference; lastKnownFileType = sourcecode.swift; path = AwesomeNotesUITests.swift; sourceTree = "<group>"; };
		85486A9D2A862CE000EA6740 /* AwesomeNotesUITestsLaunchTests.swift */ = {isa = PBXFileReference; lastKnownFileType = sourcecode.swift; path = AwesomeNotesUITestsLaunchTests.swift; sourceTree = "<group>"; };
		85486AAE2A86494100EA6740 /* LoginViewModel.swift */ = {isa = PBXFileReference; lastKnownFileType = sourcecode.swift; path = LoginViewModel.swift; sourceTree = "<group>"; };
/* End PBXFileReference section */

/* Begin PBXFrameworksBuildPhase section */
		85486A7A2A862CDF00EA6740 /* Frameworks */ = {
			isa = PBXFrameworksBuildPhase;
			buildActionMask = 2147483647;
			files = (
			);
			runOnlyForDeploymentPostprocessing = 0;
		};
		85486A8A2A862CE000EA6740 /* Frameworks */ = {
			isa = PBXFrameworksBuildPhase;
			buildActionMask = 2147483647;
			files = (
			);
			runOnlyForDeploymentPostprocessing = 0;
		};
		85486A942A862CE000EA6740 /* Frameworks */ = {
			isa = PBXFrameworksBuildPhase;
			buildActionMask = 2147483647;
			files = (
			);
			runOnlyForDeploymentPostprocessing = 0;
		};
/* End PBXFrameworksBuildPhase section */

/* Begin PBXGroup section */
		85486A742A862CDF00EA6740 = {
			isa = PBXGroup;
			children = (
				85486A7F2A862CDF00EA6740 /* AwesomeNotes */,
				85486A902A862CE000EA6740 /* AwesomeNotesTests */,
				85486A9A2A862CE000EA6740 /* AwesomeNotesUITests */,
				85486A7E2A862CDF00EA6740 /* Products */,
			);
			sourceTree = "<group>";
		};
		85486A7E2A862CDF00EA6740 /* Products */ = {
			isa = PBXGroup;
			children = (
				85486A7D2A862CDF00EA6740 /* AwesomeNotes.app */,
				85486A8D2A862CE000EA6740 /* AwesomeNotesTests.xctest */,
				85486A972A862CE000EA6740 /* AwesomeNotesUITests.xctest */,
			);
			name = Products;
			sourceTree = "<group>";
		};
		85486A7F2A862CDF00EA6740 /* AwesomeNotes */ = {
			isa = PBXGroup;
			children = (
				85486AAA2A86433B00EA6740 /* Modules */,
				85486A802A862CDF00EA6740 /* AwesomeNotesApp.swift */,
				85486A842A862CE000EA6740 /* Assets.xcassets */,
				85486A862A862CE000EA6740 /* Preview Content */,
			);
			path = AwesomeNotes;
			sourceTree = "<group>";
		};
		85486A862A862CE000EA6740 /* Preview Content */ = {
			isa = PBXGroup;
			children = (
				85486A872A862CE000EA6740 /* Preview Assets.xcassets */,
			);
			path = "Preview Content";
			sourceTree = "<group>";
		};
		85486A902A862CE000EA6740 /* AwesomeNotesTests */ = {
			isa = PBXGroup;
			children = (
				85486A912A862CE000EA6740 /* AwesomeNotesTests.swift */,
			);
			path = AwesomeNotesTests;
			sourceTree = "<group>";
		};
		85486A9A2A862CE000EA6740 /* AwesomeNotesUITests */ = {
			isa = PBXGroup;
			children = (
				85486A9B2A862CE000EA6740 /* AwesomeNotesUITests.swift */,
				85486A9D2A862CE000EA6740 /* AwesomeNotesUITestsLaunchTests.swift */,
			);
			path = AwesomeNotesUITests;
			sourceTree = "<group>";
		};
		85486AAA2A86433B00EA6740 /* Modules */ = {
			isa = PBXGroup;
			children = (
				85486AAB2A86435C00EA6740 /* Login */,
			);
			path = Modules;
			sourceTree = "<group>";
		};
		85486AAB2A86435C00EA6740 /* Login */ = {
			isa = PBXGroup;
			children = (
				85486AAD2A86449500EA6740 /* ViewModels */,
				85486AAC2A86436F00EA6740 /* Views */,
			);
			path = Login;
			sourceTree = "<group>";
		};
		85486AAC2A86436F00EA6740 /* Views */ = {
			isa = PBXGroup;
			children = (
				85486A822A862CDF00EA6740 /* LoginView.swift */,
			);
			path = Views;
			sourceTree = "<group>";
		};
		85486AAD2A86449500EA6740 /* ViewModels */ = {
			isa = PBXGroup;
			children = (
				85486AAE2A86494100EA6740 /* LoginViewModel.swift */,
			);
			path = ViewModels;
			sourceTree = "<group>";
		};
/* End PBXGroup section */

/* Begin PBXNativeTarget section */
		85486A7C2A862CDF00EA6740 /* AwesomeNotes */ = {
			isa = PBXNativeTarget;
			buildConfigurationList = 85486AA12A862CE000EA6740 /* Build configuration list for PBXNativeTarget "AwesomeNotes" */;
			buildPhases = (
				85486A792A862CDF00EA6740 /* Sources */,
				85486A7A2A862CDF00EA6740 /* Frameworks */,
				85486A7B2A862CDF00EA6740 /* Resources */,
			);
			buildRules = (
			);
			dependencies = (
			);
			name = AwesomeNotes;
			productName = AwesomeNotes;
			productReference = 85486A7D2A862CDF00EA6740 /* AwesomeNotes.app */;
			productType = "com.apple.product-type.application";
		};
		85486A8C2A862CE000EA6740 /* AwesomeNotesTests */ = {
			isa = PBXNativeTarget;
			buildConfigurationList = 85486AA42A862CE000EA6740 /* Build configuration list for PBXNativeTarget "AwesomeNotesTests" */;
			buildPhases = (
				85486A892A862CE000EA6740 /* Sources */,
				85486A8A2A862CE000EA6740 /* Frameworks */,
				85486A8B2A862CE000EA6740 /* Resources */,
			);
			buildRules = (
			);
			dependencies = (
				85486A8F2A862CE000EA6740 /* PBXTargetDependency */,
			);
			name = AwesomeNotesTests;
			productName = AwesomeNotesTests;
			productReference = 85486A8D2A862CE000EA6740 /* AwesomeNotesTests.xctest */;
			productType = "com.apple.product-type.bundle.unit-test";
		};
		85486A962A862CE000EA6740 /* AwesomeNotesUITests */ = {
			isa = PBXNativeTarget;
			buildConfigurationList = 85486AA72A862CE000EA6740 /* Build configuration list for PBXNativeTarget "AwesomeNotesUITests" */;
			buildPhases = (
				85486A932A862CE000EA6740 /* Sources */,
				85486A942A862CE000EA6740 /* Frameworks */,
				85486A952A862CE000EA6740 /* Resources */,
			);
			buildRules = (
			);
			dependencies = (
				85486A992A862CE000EA6740 /* PBXTargetDependency */,
			);
			name = AwesomeNotesUITests;
			productName = AwesomeNotesUITests;
			productReference = 85486A972A862CE000EA6740 /* AwesomeNotesUITests.xctest */;
			productType = "com.apple.product-type.bundle.ui-testing";
		};
/* End PBXNativeTarget section */

/* Begin PBXProject section */
		85486A752A862CDF00EA6740 /* Project object */ = {
			isa = PBXProject;
			attributes = {
				BuildIndependentTargetsInParallel = 1;
				LastSwiftUpdateCheck = 1420;
				LastUpgradeCheck = 1420;
				TargetAttributes = {
					85486A7C2A862CDF00EA6740 = {
						CreatedOnToolsVersion = 14.2;
					};
					85486A8C2A862CE000EA6740 = {
						CreatedOnToolsVersion = 14.2;
						TestTargetID = 85486A7C2A862CDF00EA6740;
					};
					85486A962A862CE000EA6740 = {
						CreatedOnToolsVersion = 14.2;
						TestTargetID = 85486A7C2A862CDF00EA6740;
					};
				};
			};
			buildConfigurationList = 85486A782A862CDF00EA6740 /* Build configuration list for PBXProject "AwesomeNotes" */;
			compatibilityVersion = "Xcode 14.0";
			developmentRegion = en;
			hasScannedForEncodings = 0;
			knownRegions = (
				en,
				Base,
			);
			mainGroup = 85486A742A862CDF00EA6740;
			productRefGroup = 85486A7E2A862CDF00EA6740 /* Products */;
			projectDirPath = "";
			projectRoot = "";
			targets = (
				85486A7C2A862CDF00EA6740 /* AwesomeNotes */,
				85486A8C2A862CE000EA6740 /* AwesomeNotesTests */,
				85486A962A862CE000EA6740 /* AwesomeNotesUITests */,
			);
		};
/* End PBXProject section */

/* Begin PBXResourcesBuildPhase section */
		85486A7B2A862CDF00EA6740 /* Resources */ = {
			isa = PBXResourcesBuildPhase;
			buildActionMask = 2147483647;
			files = (
				85486A882A862CE000EA6740 /* Preview Assets.xcassets in Resources */,
				85486A852A862CE000EA6740 /* Assets.xcassets in Resources */,
			);
			runOnlyForDeploymentPostprocessing = 0;
		};
		85486A8B2A862CE000EA6740 /* Resources */ = {
			isa = PBXResourcesBuildPhase;
			buildActionMask = 2147483647;
			files = (
			);
			runOnlyForDeploymentPostprocessing = 0;
		};
		85486A952A862CE000EA6740 /* Resources */ = {
			isa = PBXResourcesBuildPhase;
			buildActionMask = 2147483647;
			files = (
			);
			runOnlyForDeploymentPostprocessing = 0;
		};
/* End PBXResourcesBuildPhase section */

/* Begin PBXSourcesBuildPhase section */
		85486A792A862CDF00EA6740 /* Sources */ = {
			isa = PBXSourcesBuildPhase;
			buildActionMask = 2147483647;
			files = (
				85486A832A862CDF00EA6740 /* LoginView.swift in Sources */,
				85486A812A862CDF00EA6740 /* AwesomeNotesApp.swift in Sources */,
				85486AAF2A86494100EA6740 /* LoginViewModel.swift in Sources */,
			);
			runOnlyForDeploymentPostprocessing = 0;
		};
		85486A892A862CE000EA6740 /* Sources */ = {
			isa = PBXSourcesBuildPhase;
			buildActionMask = 2147483647;
			files = (
				85486A922A862CE000EA6740 /* AwesomeNotesTests.swift in Sources */,
			);
			runOnlyForDeploymentPostprocessing = 0;
		};
		85486A932A862CE000EA6740 /* Sources */ = {
			isa = PBXSourcesBuildPhase;
			buildActionMask = 2147483647;
			files = (
				85486A9E2A862CE000EA6740 /* AwesomeNotesUITestsLaunchTests.swift in Sources */,
				85486A9C2A862CE000EA6740 /* AwesomeNotesUITests.swift in Sources */,
			);
			runOnlyForDeploymentPostprocessing = 0;
		};
/* End PBXSourcesBuildPhase section */

/* Begin PBXTargetDependency section */
		85486A8F2A862CE000EA6740 /* PBXTargetDependency */ = {
			isa = PBXTargetDependency;
			target = 85486A7C2A862CDF00EA6740 /* AwesomeNotes */;
			targetProxy = 85486A8E2A862CE000EA6740 /* PBXContainerItemProxy */;
		};
		85486A992A862CE000EA6740 /* PBXTargetDependency */ = {
			isa = PBXTargetDependency;
			target = 85486A7C2A862CDF00EA6740 /* AwesomeNotes */;
			targetProxy = 85486A982A862CE000EA6740 /* PBXContainerItemProxy */;
		};
/* End PBXTargetDependency section */

/* Begin XCBuildConfiguration section */
		85486A9F2A862CE000EA6740 /* Debug */ = {
			isa = XCBuildConfiguration;
			buildSettings = {
				ALWAYS_SEARCH_USER_PATHS = NO;
				CLANG_ANALYZER_NONNULL = YES;
				CLANG_ANALYZER_NUMBER_OBJECT_CONVERSION = YES_AGGRESSIVE;
				CLANG_CXX_LANGUAGE_STANDARD = "gnu++20";
				CLANG_ENABLE_MODULES = YES;
				CLANG_ENABLE_OBJC_ARC = YES;
				CLANG_ENABLE_OBJC_WEAK = YES;
				CLANG_WARN_BLOCK_CAPTURE_AUTORELEASING = YES;
				CLANG_WARN_BOOL_CONVERSION = YES;
				CLANG_WARN_COMMA = YES;
				CLANG_WARN_CONSTANT_CONVERSION = YES;
				CLANG_WARN_DEPRECATED_OBJC_IMPLEMENTATIONS = YES;
				CLANG_WARN_DIRECT_OBJC_ISA_USAGE = YES_ERROR;
				CLANG_WARN_DOCUMENTATION_COMMENTS = YES;
				CLANG_WARN_EMPTY_BODY = YES;
				CLANG_WARN_ENUM_CONVERSION = YES;
				CLANG_WARN_INFINITE_RECURSION = YES;
				CLANG_WARN_INT_CONVERSION = YES;
				CLANG_WARN_NON_LITERAL_NULL_CONVERSION = YES;
				CLANG_WARN_OBJC_IMPLICIT_RETAIN_SELF = YES;
				CLANG_WARN_OBJC_LITERAL_CONVERSION = YES;
				CLANG_WARN_OBJC_ROOT_CLASS = YES_ERROR;
				CLANG_WARN_QUOTED_INCLUDE_IN_FRAMEWORK_HEADER = YES;
				CLANG_WARN_RANGE_LOOP_ANALYSIS = YES;
				CLANG_WARN_STRICT_PROTOTYPES = YES;
				CLANG_WARN_SUSPICIOUS_MOVE = YES;
				CLANG_WARN_UNGUARDED_AVAILABILITY = YES_AGGRESSIVE;
				CLANG_WARN_UNREACHABLE_CODE = YES;
				CLANG_WARN__DUPLICATE_METHOD_MATCH = YES;
				COPY_PHASE_STRIP = NO;
				DEBUG_INFORMATION_FORMAT = dwarf;
				ENABLE_STRICT_OBJC_MSGSEND = YES;
				ENABLE_TESTABILITY = YES;
				GCC_C_LANGUAGE_STANDARD = gnu11;
				GCC_DYNAMIC_NO_PIC = NO;
				GCC_NO_COMMON_BLOCKS = YES;
				GCC_OPTIMIZATION_LEVEL = 0;
				GCC_PREPROCESSOR_DEFINITIONS = (
					"DEBUG=1",
					"$(inherited)",
				);
				GCC_WARN_64_TO_32_BIT_CONVERSION = YES;
				GCC_WARN_ABOUT_RETURN_TYPE = YES_ERROR;
				GCC_WARN_UNDECLARED_SELECTOR = YES;
				GCC_WARN_UNINITIALIZED_AUTOS = YES_AGGRESSIVE;
				GCC_WARN_UNUSED_FUNCTION = YES;
				GCC_WARN_UNUSED_VARIABLE = YES;
				IPHONEOS_DEPLOYMENT_TARGET = 16.2;
				MTL_ENABLE_DEBUG_INFO = INCLUDE_SOURCE;
				MTL_FAST_MATH = YES;
				ONLY_ACTIVE_ARCH = YES;
				SDKROOT = iphoneos;
				SWIFT_ACTIVE_COMPILATION_CONDITIONS = DEBUG;
				SWIFT_OPTIMIZATION_LEVEL = "-Onone";
			};
			name = Debug;
		};
		85486AA02A862CE000EA6740 /* Release */ = {
			isa = XCBuildConfiguration;
			buildSettings = {
				ALWAYS_SEARCH_USER_PATHS = NO;
				CLANG_ANALYZER_NONNULL = YES;
				CLANG_ANALYZER_NUMBER_OBJECT_CONVERSION = YES_AGGRESSIVE;
				CLANG_CXX_LANGUAGE_STANDARD = "gnu++20";
				CLANG_ENABLE_MODULES = YES;
				CLANG_ENABLE_OBJC_ARC = YES;
				CLANG_ENABLE_OBJC_WEAK = YES;
				CLANG_WARN_BLOCK_CAPTURE_AUTORELEASING = YES;
				CLANG_WARN_BOOL_CONVERSION = YES;
				CLANG_WARN_COMMA = YES;
				CLANG_WARN_CONSTANT_CONVERSION = YES;
				CLANG_WARN_DEPRECATED_OBJC_IMPLEMENTATIONS = YES;
				CLANG_WARN_DIRECT_OBJC_ISA_USAGE = YES_ERROR;
				CLANG_WARN_DOCUMENTATION_COMMENTS = YES;
				CLANG_WARN_EMPTY_BODY = YES;
				CLANG_WARN_ENUM_CONVERSION = YES;
				CLANG_WARN_INFINITE_RECURSION = YES;
				CLANG_WARN_INT_CONVERSION = YES;
				CLANG_WARN_NON_LITERAL_NULL_CONVERSION = YES;
				CLANG_WARN_OBJC_IMPLICIT_RETAIN_SELF = YES;
				CLANG_WARN_OBJC_LITERAL_CONVERSION = YES;
				CLANG_WARN_OBJC_ROOT_CLASS = YES_ERROR;
				CLANG_WARN_QUOTED_INCLUDE_IN_FRAMEWORK_HEADER = YES;
				CLANG_WARN_RANGE_LOOP_ANALYSIS = YES;
				CLANG_WARN_STRICT_PROTOTYPES = YES;
				CLANG_WARN_SUSPICIOUS_MOVE = YES;
				CLANG_WARN_UNGUARDED_AVAILABILITY = YES_AGGRESSIVE;
				CLANG_WARN_UNREACHABLE_CODE = YES;
				CLANG_WARN__DUPLICATE_METHOD_MATCH = YES;
				COPY_PHASE_STRIP = NO;
				DEBUG_INFORMATION_FORMAT = "dwarf-with-dsym";
				ENABLE_NS_ASSERTIONS = NO;
				ENABLE_STRICT_OBJC_MSGSEND = YES;
				GCC_C_LANGUAGE_STANDARD = gnu11;
				GCC_NO_COMMON_BLOCKS = YES;
				GCC_WARN_64_TO_32_BIT_CONVERSION = YES;
				GCC_WARN_ABOUT_RETURN_TYPE = YES_ERROR;
				GCC_WARN_UNDECLARED_SELECTOR = YES;
				GCC_WARN_UNINITIALIZED_AUTOS = YES_AGGRESSIVE;
				GCC_WARN_UNUSED_FUNCTION = YES;
				GCC_WARN_UNUSED_VARIABLE = YES;
				IPHONEOS_DEPLOYMENT_TARGET = 16.2;
				MTL_ENABLE_DEBUG_INFO = NO;
				MTL_FAST_MATH = YES;
				SDKROOT = iphoneos;
				SWIFT_COMPILATION_MODE = wholemodule;
				SWIFT_OPTIMIZATION_LEVEL = "-O";
				VALIDATE_PRODUCT = YES;
			};
			name = Release;
		};
		85486AA22A862CE000EA6740 /* Debug */ = {
			isa = XCBuildConfiguration;
			buildSettings = {
				ASSETCATALOG_COMPILER_APPICON_NAME = AppIcon;
				ASSETCATALOG_COMPILER_GLOBAL_ACCENT_COLOR_NAME = AccentColor;
				CODE_SIGN_STYLE = Automatic;
				CURRENT_PROJECT_VERSION = 1;
				DEVELOPMENT_ASSET_PATHS = "\"AwesomeNotes/Preview Content\"";
				DEVELOPMENT_TEAM = U7422ZFAR3;
				ENABLE_PREVIEWS = YES;
				GENERATE_INFOPLIST_FILE = YES;
				INFOPLIST_KEY_UIApplicationSceneManifest_Generation = YES;
				INFOPLIST_KEY_UIApplicationSupportsIndirectInputEvents = YES;
				INFOPLIST_KEY_UILaunchScreen_Generation = YES;
				INFOPLIST_KEY_UISupportedInterfaceOrientations_iPad = "UIInterfaceOrientationPortrait UIInterfaceOrientationPortraitUpsideDown UIInterfaceOrientationLandscapeLeft UIInterfaceOrientationLandscapeRight";
				INFOPLIST_KEY_UISupportedInterfaceOrientations_iPhone = "UIInterfaceOrientationPortrait UIInterfaceOrientationLandscapeLeft UIInterfaceOrientationLandscapeRight";
				LD_RUNPATH_SEARCH_PATHS = (
					"$(inherited)",
					"@executable_path/Frameworks",
				);
				MARKETING_VERSION = 1.0;
				PRODUCT_BUNDLE_IDENTIFIER = TiagoCoelho.AwesomeNotes;
				PRODUCT_NAME = "$(TARGET_NAME)";
				SWIFT_EMIT_LOC_STRINGS = YES;
				SWIFT_VERSION = 5.0;
				TARGETED_DEVICE_FAMILY = "1,2";
			};
			name = Debug;
		};
		85486AA32A862CE000EA6740 /* Release */ = {
			isa = XCBuildConfiguration;
			buildSettings = {
				ASSETCATALOG_COMPILER_APPICON_NAME = AppIcon;
				ASSETCATALOG_COMPILER_GLOBAL_ACCENT_COLOR_NAME = AccentColor;
				CODE_SIGN_STYLE = Automatic;
				CURRENT_PROJECT_VERSION = 1;
				DEVELOPMENT_ASSET_PATHS = "\"AwesomeNotes/Preview Content\"";
				DEVELOPMENT_TEAM = U7422ZFAR3;
				ENABLE_PREVIEWS = YES;
				GENERATE_INFOPLIST_FILE = YES;
				INFOPLIST_KEY_UIApplicationSceneManifest_Generation = YES;
				INFOPLIST_KEY_UIApplicationSupportsIndirectInputEvents = YES;
				INFOPLIST_KEY_UILaunchScreen_Generation = YES;
				INFOPLIST_KEY_UISupportedInterfaceOrientations_iPad = "UIInterfaceOrientationPortrait UIInterfaceOrientationPortraitUpsideDown UIInterfaceOrientationLandscapeLeft UIInterfaceOrientationLandscapeRight";
				INFOPLIST_KEY_UISupportedInterfaceOrientations_iPhone = "UIInterfaceOrientationPortrait UIInterfaceOrientationLandscapeLeft UIInterfaceOrientationLandscapeRight";
				LD_RUNPATH_SEARCH_PATHS = (
					"$(inherited)",
					"@executable_path/Frameworks",
				);
				MARKETING_VERSION = 1.0;
				PRODUCT_BUNDLE_IDENTIFIER = TiagoCoelho.AwesomeNotes;
				PRODUCT_NAME = "$(TARGET_NAME)";
				SWIFT_EMIT_LOC_STRINGS = YES;
				SWIFT_VERSION = 5.0;
				TARGETED_DEVICE_FAMILY = "1,2";
			};
			name = Release;
		};
		85486AA52A862CE000EA6740 /* Debug */ = {
			isa = XCBuildConfiguration;
			buildSettings = {
				ALWAYS_EMBED_SWIFT_STANDARD_LIBRARIES = YES;
				BUNDLE_LOADER = "$(TEST_HOST)";
				CODE_SIGN_STYLE = Automatic;
				CURRENT_PROJECT_VERSION = 1;
				DEVELOPMENT_TEAM = U7422ZFAR3;
				GENERATE_INFOPLIST_FILE = YES;
				IPHONEOS_DEPLOYMENT_TARGET = 16.2;
				MARKETING_VERSION = 1.0;
				PRODUCT_BUNDLE_IDENTIFIER = TiagoCoelho.AwesomeNotesTests;
				PRODUCT_NAME = "$(TARGET_NAME)";
				SWIFT_EMIT_LOC_STRINGS = NO;
				SWIFT_VERSION = 5.0;
				TARGETED_DEVICE_FAMILY = "1,2";
				TEST_HOST = "$(BUILT_PRODUCTS_DIR)/AwesomeNotes.app/$(BUNDLE_EXECUTABLE_FOLDER_PATH)/AwesomeNotes";
			};
			name = Debug;
		};
		85486AA62A862CE000EA6740 /* Release */ = {
			isa = XCBuildConfiguration;
			buildSettings = {
				ALWAYS_EMBED_SWIFT_STANDARD_LIBRARIES = YES;
				BUNDLE_LOADER = "$(TEST_HOST)";
				CODE_SIGN_STYLE = Automatic;
				CURRENT_PROJECT_VERSION = 1;
				DEVELOPMENT_TEAM = U7422ZFAR3;
				GENERATE_INFOPLIST_FILE = YES;
				IPHONEOS_DEPLOYMENT_TARGET = 16.2;
				MARKETING_VERSION = 1.0;
				PRODUCT_BUNDLE_IDENTIFIER = TiagoCoelho.AwesomeNotesTests;
				PRODUCT_NAME = "$(TARGET_NAME)";
				SWIFT_EMIT_LOC_STRINGS = NO;
				SWIFT_VERSION = 5.0;
				TARGETED_DEVICE_FAMILY = "1,2";
				TEST_HOST = "$(BUILT_PRODUCTS_DIR)/AwesomeNotes.app/$(BUNDLE_EXECUTABLE_FOLDER_PATH)/AwesomeNotes";
			};
			name = Release;
		};
		85486AA82A862CE000EA6740 /* Debug */ = {
			isa = XCBuildConfiguration;
			buildSettings = {
				ALWAYS_EMBED_SWIFT_STANDARD_LIBRARIES = YES;
				CODE_SIGN_STYLE = Automatic;
				CURRENT_PROJECT_VERSION = 1;
				DEVELOPMENT_TEAM = U7422ZFAR3;
				GENERATE_INFOPLIST_FILE = YES;
				MARKETING_VERSION = 1.0;
				PRODUCT_BUNDLE_IDENTIFIER = TiagoCoelho.AwesomeNotesUITests;
				PRODUCT_NAME = "$(TARGET_NAME)";
				SWIFT_EMIT_LOC_STRINGS = NO;
				SWIFT_VERSION = 5.0;
				TARGETED_DEVICE_FAMILY = "1,2";
				TEST_TARGET_NAME = AwesomeNotes;
			};
			name = Debug;
		};
		85486AA92A862CE000EA6740 /* Release */ = {
			isa = XCBuildConfiguration;
			buildSettings = {
				ALWAYS_EMBED_SWIFT_STANDARD_LIBRARIES = YES;
				CODE_SIGN_STYLE = Automatic;
				CURRENT_PROJECT_VERSION = 1;
				DEVELOPMENT_TEAM = U7422ZFAR3;
				GENERATE_INFOPLIST_FILE = YES;
				MARKETING_VERSION = 1.0;
				PRODUCT_BUNDLE_IDENTIFIER = TiagoCoelho.AwesomeNotesUITests;
				PRODUCT_NAME = "$(TARGET_NAME)";
				SWIFT_EMIT_LOC_STRINGS = NO;
				SWIFT_VERSION = 5.0;
				TARGETED_DEVICE_FAMILY = "1,2";
				TEST_TARGET_NAME = AwesomeNotes;
			};
			name = Release;
		};
/* End XCBuildConfiguration section */

/* Begin XCConfigurationList section */
		85486A782A862CDF00EA6740 /* Build configuration list for PBXProject "AwesomeNotes" */ = {
			isa = XCConfigurationList;
			buildConfigurations = (
				85486A9F2A862CE000EA6740 /* Debug */,
				85486AA02A862CE000EA6740 /* Release */,
			);
			defaultConfigurationIsVisible = 0;
			defaultConfigurationName = Release;
		};
		85486AA12A862CE000EA6740 /* Build configuration list for PBXNativeTarget "AwesomeNotes" */ = {
			isa = XCConfigurationList;
			buildConfigurations = (
				85486AA22A862CE000EA6740 /* Debug */,
				85486AA32A862CE000EA6740 /* Release */,
			);
			defaultConfigurationIsVisible = 0;
			defaultConfigurationName = Release;
		};
		85486AA42A862CE000EA6740 /* Build configuration list for PBXNativeTarget "AwesomeNotesTests" */ = {
			isa = XCConfigurationList;
			buildConfigurations = (
				85486AA52A862CE000EA6740 /* Debug */,
				85486AA62A862CE000EA6740 /* Release */,
			);
			defaultConfigurationIsVisible = 0;
			defaultConfigurationName = Release;
		};
		85486AA72A862CE000EA6740 /* Build configuration list for PBXNativeTarget "AwesomeNotesUITests" */ = {
			isa = XCConfigurationList;
			buildConfigurations = (
				85486AA82A862CE000EA6740 /* Debug */,
				85486AA92A862CE000EA6740 /* Release */,
			);
			defaultConfigurationIsVisible = 0;
			defaultConfigurationName = Release;
		};
/* End XCConfigurationList section */
	};
	rootObject = 85486A752A862CDF00EA6740 /* Project object */;
}
